
Microsoft Visual Studio Solution File, Format Version 12.00
# Visual Studio Version 17
VisualStudioVersion = 17.5.33414.496
MinimumVisualStudioVersion = 10.0.40219.1
Project("{9A19103F-16F7-4668-BE54-9A1E7A4F7556}") = "Api", "Api\Api.csproj", "{B682329F-9600-4504-96AD-7C5972D72880}"
EndProject
Project("{9A19103F-16F7-4668-BE54-9A1E7A4F7556}") = "Api.Tests", "Api.Tests\Api.Tests.csproj", "{67228DDE-374E-4688-A148-735A1B70D7F6}"
EndProject
Project("{2150E333-8FDC-42A3-9474-1A3956D46DE8}") = "Deploy", "Deploy", "{7AF3983A-6194-4846-AD74-81EB4BB9CCEB}"
	ProjectSection(SolutionItems) = preProject
		..\.github\workflows\azure-webapps-dotnet-core.yml = ..\.github\workflows\azure-webapps-dotnet-core.yml
	EndProjectSection
EndProject
Global
	GlobalSection(SolutionConfigurationPlatforms) = preSolution
		Debug|Any CPU = Debug|Any CPU
		Release|Any CPU = Release|Any CPU
	EndGlobalSection
	GlobalSection(ProjectConfigurationPlatforms) = postSolution
		{B682329F-9600-4504-96AD-7C5972D72880}.Debug|Any CPU.ActiveCfg = Debug|Any CPU
		{B682329F-9600-4504-96AD-7C5972D72880}.Debug|Any CPU.Build.0 = Debug|Any CPU
		{B682329F-9600-4504-96AD-7C5972D72880}.Release|Any CPU.ActiveCfg = Release|Any CPU
		{B682329F-9600-4504-96AD-7C5972D72880}.Release|Any CPU.Build.0 = Release|Any CPU
		{67228DDE-374E-4688-A148-735A1B70D7F6}.Debug|Any CPU.ActiveCfg = Debug|Any CPU
		{67228DDE-374E-4688-A148-735A1B70D7F6}.Debug|Any CPU.Build.0 = Debug|Any CPU
		{67228DDE-374E-4688-A148-735A1B70D7F6}.Release|Any CPU.ActiveCfg = Release|Any CPU
		{67228DDE-374E-4688-A148-735A1B70D7F6}.Release|Any CPU.Build.0 = Release|Any CPU
	EndGlobalSection
	GlobalSection(SolutionProperties) = preSolution
		HideSolutionNode = FALSE
	EndGlobalSection
	GlobalSection(ExtensibilityGlobals) = postSolution
		SolutionGuid = {C02928CF-93EE-4E5F-BA22-C1DCB73AC53F}
	EndGlobalSection
EndGlobal
